# This file is autogenerated, do not edit; changes may be undone by the next 'dep ensure'.


[[projects]]
  name = "cloud.google.com/go"
  packages = ["compute/metadata"]
  revision = "a5913b3f7deecba45e98ff33cefbac4fd204ddd7"
  version = "v0.10.0"

[[projects]]
  branch = "master"
  name = "github.com/aristanetworks/goarista"
  packages = ["monotime"]
  revision = "8ab803d6502ea1e05a8c9b73193b405291efb7ce"

[[projects]]
  branch = "master"
  name = "github.com/golang/protobuf"
  packages = ["proto"]
  revision = "0a4f71a498b7c4812f64969510bcb4eca251e33a"

[[projects]]
  name = "github.com/inconshreveable/log15"
  packages = [".","term"]
  revision = "b105bd37f74e5d9dc7b6ad7806715c7a2b83fd3f"
  version = "v2.11"

[[projects]]
  branch = "master"
  name = "github.com/jpoehls/gophermail"
  packages = ["."]
  revision = "62941eab772c480c968feea68faba37f941cc931"

[[projects]]
  name = "github.com/kevinburke/google-oauth-handler"
  packages = ["."]
  revision = "f6106a1af27837eb8d7ae253351c33e46e62a78a"
  version = "0.2"

[[projects]]
  name = "github.com/kevinburke/handlers"
  packages = ["."]
  revision = "b68f4173c7e0843592cc3ac4ea1c066acb327ad5"
  version = "0.29"

[[projects]]
  name = "github.com/kevinburke/rest"
  packages = ["."]
  revision = "67ce29f826f2153dfdb5df53c0ff7f655efb36f0"
  version = "1.0"

[[projects]]
  branch = "master"
  name = "github.com/kevinburke/semaphore"
  packages = ["."]
  revision = "8b4e8dc01d0f76c50601c31d4df7bbca1d7322b3"

[[projects]]
  name = "github.com/mattn/go-colorable"
  packages = ["."]
  revision = "941b50ebc6efddf4c41c8e4537a5f68a4e686b24"
  version = "v0.0.8"

[[projects]]
  name = "github.com/mattn/go-isatty"
  packages = ["."]
  revision = "fc9e8d8ef48496124e79ae0df75490096eccf6fe"
  version = "v0.0.2"

[[projects]]
  name = "github.com/russross/blackfriday"
  packages = ["."]
  revision = "0b647d0506a698cca42caca173e55559b12a69f2"
  version = "v1.4"

[[projects]]
  name = "github.com/satori/go.uuid"
  packages = ["."]
  revision = "879c5887cd475cd7864858769793b2ceb0d44feb"
  version = "v1.1.0"

[[projects]]
  branch = "master"
  name = "github.com/shurcooL/sanitized_anchor_name"
  packages = ["."]
  revision = "541ff5ee47f1dddf6a5281af78307d921524bcb5"

[[projects]]
  branch = "master"
  name = "github.com/sloonz/go-qprintable"
  packages = ["."]
  revision = "775b3a4592d5bfc47b0ba398ec0d4dba018e5926"

[[projects]]
  branch = "master"
  name = "golang.org/x/crypto"
  packages = ["nacl/secretbox","poly1305","salsa20/salsa"]
  revision = "7f7c0c2d75ebb4e32a21396ce36e87b6dadc91c9"

[[projects]]
  branch = "master"
  name = "golang.org/x/net"
  packages = ["context","context/ctxhttp"]
  revision = "5d0d7096b5f2ef7ba83f319c07ef63989a1c6f91"

[[projects]]
  branch = "master"
  name = "golang.org/x/oauth2"
  packages = [".","google","internal","jws","jwt"]
  revision = "cce311a261e6fcf29de72ca96827bdb0b7d9c9e6"

[[projects]]
  branch = "master"
  name = "golang.org/x/sync"
  packages = ["errgroup"]
  revision = "f52d1811a62927559de87708c8913c1650ce4f26"

[[projects]]
  branch = "master"
  name = "golang.org/x/sys"
  packages = ["unix"]
  revision = "cd2c276457edda6df7fb04895d3fd6a6add42926"

[[projects]]
  branch = "master"
  name = "google.golang.org/api"
  packages = ["gensupport","gmail/v1","googleapi","googleapi/internal/uritemplates"]
  revision = "295e4bb0ade057ae2cfb9876ab0b54635dbfcea4"

[[projects]]
  name = "google.golang.org/appengine"
  packages = [".","internal","internal/app_identity","internal/base","internal/datastore","internal/log","internal/modules","internal/remote_api","internal/urlfetch","urlfetch"]
  revision = "150dc57a1b433e64154302bdc40b6bb8aefa313a"
  version = "v1.0.0"

[[projects]]
  name = "gopkg.in/inconshreveable/log15.v2"
  packages = ["stack","term"]
  revision = "dc7890abeaadcb6a79a9a5ee30bc1897bbf97713"
  version = "v2.10"

[[projects]]
  branch = "v2"
  name = "gopkg.in/yaml.v2"
  packages = ["."]
  revision = "3b4ad1db5b2a649883ff3782f5f9f6fb52be71af"

[solve-meta]
  analyzer-name = "dep"
  analyzer-version = 1
  inputs-digest = "6cd09e523f9007dae69e8a4320fea392706aff5170495343649fd99e51659763"
  solver-name = "gps-cdcl"
  solver-version = 1
